{
    "name": "orderbook",
    "version": "0.0.1",
    "lockfileVersion": 1,
    "requires": true,
    "dependencies": {
        "bintrees": {
            "version": "1.0.2",
            "resolved": "https://registry.npmjs.org/bintrees/-/bintrees-1.0.2.tgz",
            "integrity": "sha1-SfiW1uhYpKSZ34XDj7OZua/4QPg="
        },
        "etch": {
            "version": "0.12.7",
            "resolved": "https://registry.npmjs.org/etch/-/etch-0.12.7.tgz",
            "integrity": "sha512-rSmMSnhd4NpVHg1JThRzxRLWiF6QVqAsuObdPH7rsE5FaM4prj1BAcZJr812CQAMUsB3eJWCaL9y6lmv3E2qgg=="
        },
        "int": {
            "version": "0.2.0",
            "resolved": "https://registry.npmjs.org/int/-/int-0.2.0.tgz",
            "integrity": "sha1-WJ8FsDuNjAjJGMiIR4TLYqlO9H4="
        },
        "num": {
            "version": "0.3.0",
            "resolved": "https://registry.npmjs.org/num/-/num-0.3.0.tgz",
            "integrity": "sha1-qC4qmx/FL7qzEzWM35KQXm8D8oc=",
            "requires": {
                "int": "0.2.0"
            }
        },
        "num-plus": {
            "version": "0.0.1",
            "resolved": "https://registry.npmjs.org/num-plus/-/num-plus-0.0.1.tgz",
            "integrity": "sha1-RrjCwm3h+V0BocOekLPBYiGy9pY=",
            "requires": {
                "num": "0.3.0"
            }
        },
        "underscore": {
            "version": "1.6.0",
            "resolved": "https://registry.npmjs.org/underscore/-/underscore-1.6.0.tgz",
            "integrity": "sha1-izixDKze9jM3uLJOT/htRa6lKag="
        },
        "underscore-plus": {
            "version": "1.6.6",
            "resolved": "https://registry.npmjs.org/underscore-plus/-/underscore-plus-1.6.6.tgz",
            "integrity": "sha1-ZezeG9xEGjXYnmUP1w3PE65Dmn0=",
            "requires": {
                "underscore": "1.6.0"
            }
        }
    }
}
